
Microsoft Visual Studio Solution File, Format Version 12.00
# Visual Studio 15
VisualStudioVersion = 15.0.26228.4
MinimumVisualStudioVersion = 10.0.40219.1
Project("{FAE04EC0-301F-11D3-BF4B-00C04F79EFBC}") = "Swuber", "Swuber\Swuber.csproj", "{89AD7183-5B90-4AD4-BC65-B4220E879370}"
EndProject
Global
	GlobalSection(SolutionConfigurationPlatforms) = preSolution
		Debug|Any CPU = Debug|Any CPU
		Release|Any CPU = Release|Any CPU
	EndGlobalSection
	GlobalSection(ProjectConfigurationPlatforms) = postSolution
		{89AD7183-5B90-4AD4-BC65-B4220E879370}.Debug|Any CPU.ActiveCfg = Debug|Any CPU
		{89AD7183-5B90-4AD4-BC65-B4220E879370}.Debug|Any CPU.Build.0 = Debug|Any CPU
		{89AD7183-5B90-4AD4-BC65-B4220E879370}.Release|Any CPU.ActiveCfg = Release|Any CPU
		{89AD7183-5B90-4AD4-BC65-B4220E879370}.Release|Any CPU.Build.0 = Release|Any CPU
	EndGlobalSection
	GlobalSection(SolutionProperties) = preSolution
		HideSolutionNode = FALSE
	EndGlobalSection
EndGlobal
